schema: '2.0'
stages:
  prepare:
    cmd: python src/preprocess.py
    deps:
    - path: data/train.csv
      hash: md5
      md5: 80ccab65fb115cbad143dbbd2bcd5577
      size: 460676
    - path: src/preprocess.py
      hash: md5
      md5: 943edc784666d19c17793cae8a561c5a
      size: 330
    outs:
    - path: data/processed/train.csv
      hash: md5
      md5: c05e34fb61fb335139782ab73a5c73bb
      size: 452815
  train:
    cmd: python src/train.py
    deps:
    - path: data/processed/train.csv
      hash: md5
      md5: c05e34fb61fb335139782ab73a5c73bb
      size: 452815
    - path: src/train.py
      hash: md5
      md5: b8a224730baa11bda8fa35f41dee43ff
      size: 1140
    outs:
    - path: models/model.pkl
      hash: md5
      md5: a730abd1dc336dc19342738d7c1ed479
      size: 1857
