schema: '2.0'
stages:
  prepare:
    cmd: python src/preprocess.py
    deps:
    - path: data/train.csv
      hash: md5
      md5: 80ccab65fb115cbad143dbbd2bcd5577
      size: 460676
    - path: src/preprocess.py
      hash: md5
      md5: 943edc784666d19c17793cae8a561c5a
      size: 330
    outs:
    - path: data/processed/train.csv
      hash: md5
      md5: c05e34fb61fb335139782ab73a5c73bb
      size: 452815
  train:
    cmd: python src/train.py
    deps:
    - path: data/processed/train_processed.csv
      hash: md5
      md5: 760e8031d940797056c222640fff27cf
      size: 141103
    - path: src/train.py
      hash: md5
      md5: b8a224730baa11bda8fa35f41dee43ff
      size: 1140
    outs:
    - path: models/model.pkl
      hash: md5
      md5: a730abd1dc336dc19342738d7c1ed479
      size: 1857
  preprocess:
    cmd: python src/data_process.py
    deps:
    - path: data/train.csv
      hash: md5
      md5: 80ccab65fb115cbad143dbbd2bcd5577
      size: 460676
    - path: src/data_process.py
      hash: md5
      md5: 294b8d16c7ca17b8f69a99b87f686b0a
      size: 671
    outs:
    - path: data/processed/train_processed.csv
      hash: md5
      md5: 760e8031d940797056c222640fff27cf
      size: 141103
  evaluate:
    cmd: python src/eval.py
    deps:
    - path: models/model.pkl
      hash: md5
      md5: a730abd1dc336dc19342738d7c1ed479
      size: 1857
    - path: src/eval.py
      hash: md5
      md5: 573e3ebfa35e33b4fc7874f6e4d8ca48
      size: 673
